
Microsoft Visual Studio Solution File, Format Version 12.00
# Visual Studio 15
VisualStudioVersion = 15.0.27703.2035
MinimumVisualStudioVersion = 10.0.40219.1
Project("{FAE04EC0-301F-11D3-BF4B-00C04F79EFBC}") = "asyncApp", "asyncApp\asyncApp.csproj", "{3E9EEF25-0C12-4705-81BF-6BEC9693F77C}"
EndProject
Project("{FAE04EC0-301F-11D3-BF4B-00C04F79EFBC}") = "asyncAppCallback", "asyncAppCallback\asyncAppCallback.csproj", "{D1CFB702-F2F5-4D64-99BE-A625C6274DDF}"
EndProject
Global
	GlobalSection(SolutionConfigurationPlatforms) = preSolution
		Debug|Any CPU = Debug|Any CPU
		Release|Any CPU = Release|Any CPU
	EndGlobalSection
	GlobalSection(ProjectConfigurationPlatforms) = postSolution
		{3E9EEF25-0C12-4705-81BF-6BEC9693F77C}.Debug|Any CPU.ActiveCfg = Debug|Any CPU
		{3E9EEF25-0C12-4705-81BF-6BEC9693F77C}.Debug|Any CPU.Build.0 = Debug|Any CPU
		{3E9EEF25-0C12-4705-81BF-6BEC9693F77C}.Release|Any CPU.ActiveCfg = Release|Any CPU
		{3E9EEF25-0C12-4705-81BF-6BEC9693F77C}.Release|Any CPU.Build.0 = Release|Any CPU
		{D1CFB702-F2F5-4D64-99BE-A625C6274DDF}.Debug|Any CPU.ActiveCfg = Debug|Any CPU
		{D1CFB702-F2F5-4D64-99BE-A625C6274DDF}.Debug|Any CPU.Build.0 = Debug|Any CPU
		{D1CFB702-F2F5-4D64-99BE-A625C6274DDF}.Release|Any CPU.ActiveCfg = Release|Any CPU
		{D1CFB702-F2F5-4D64-99BE-A625C6274DDF}.Release|Any CPU.Build.0 = Release|Any CPU
	EndGlobalSection
	GlobalSection(SolutionProperties) = preSolution
		HideSolutionNode = FALSE
	EndGlobalSection
	GlobalSection(ExtensibilityGlobals) = postSolution
		SolutionGuid = {58FDEB33-BBF3-4E0C-ABFA-D197BA0F8519}
	EndGlobalSection
EndGlobal
